get:
  operationId: getBlock
  summary: Get block
  deprecated: true
  description: |
    Returns the complete `SignedBeaconBlock` for a given block ID.
    Depending on the `Accept` header it can be returned either as JSON or SSZ-serialized bytes.
  tags:
    - Beacon
  parameters:
    - name: block_id
      in: path
      $ref: '../../../beacon-node-oapi.yaml#/components/parameters/BlockId'
  responses:
    "200":
      description: Success
      headers:
        Eth-Consensus-Version:
          description: Required in ssz responses so client can deserialize returned data.
          schema:
            type: string
            enum: [phase0, altair]
            example: "phase0"
      content:
        application/json:
          schema:
            title: GetBlockResponse
            type: object
            properties:
              data:
                $ref: "../../../beacon-node-oapi.yaml#/components/schemas/SignedBeaconBlock"
        application/octet-stream:
          schema:
            description: "SSZ serialized block bytes. Use Accept header to choose this response type"
    "400":
      description: "The block ID supplied could not be parsed"
      content:
        application/json:
          schema:
            allOf:
              - $ref: "../../../beacon-node-oapi.yaml#/components/schemas/ErrorMessage"
              - example:
                  code: 400
                  message: "Invalid block ID: current"
    "404":
      description: "Block not found"
      content:
        application/json:
          schema:
            allOf:
              - $ref: "../../../beacon-node-oapi.yaml#/components/schemas/ErrorMessage"
              - example:
                  code: 404
                  message: "Block not found"
    "500":
      $ref: "../../../beacon-node-oapi.yaml#/components/responses/InternalError"

