get:
  operationId: getBlock
  summary: Get block
  description: Retrieves block details for given block id.
  tags:
    - Beacon
  parameters:
    - name: block_id
      in: path
      $ref: '../../../beacon-node-oapi.yaml#/components/parameters/BlockId'
  responses:
    "200":
      description: Success
      content:
        application/json:
          schema:
            title: GetBlockResponse
            type: object
            properties:
              data:
                $ref: "../../../beacon-node-oapi.yaml#/components/schemas/SignedBeaconBlock"
    "404":
      description: "Block not found!"
    "500":
      $ref: "../../../beacon-node-oapi.yaml#/components/responses/InternalError"

