Fulu:
  BeaconBlockBody:
    allOf:
      - $ref: "../electra/block.yaml#/Electra/BeaconBlockBodyCommon"
      - type: object
        required: [execution_payload, execution_requests]
        properties:
          execution_payload:
            $ref: "../fulu/execution_payload.yaml#/Fulu/ExecutionPayload"
          execution_requests:
            $ref: "./electra/execution_requests.yaml#/Electra/ExecutionRequests"

  BeaconBlock:
    # TODO: update link once confirmed.
    description: "The [`BeaconBlock`](https://github.com/ethereum/consensus-specs/blob/v1.5.0-beta.2/specs/phase0/beacon-chain.md#beaconblock) object from the CL Fulu spec."
    allOf:
      - $ref: "../altair/block.yaml#/Altair/BeaconBlockCommon"
      - type: object
        required: [body]
        properties:
          body:
            $ref: "#/Fulu/BeaconBlockBody"

  SignedBeaconBlock:
    type: object
    # TODO: update link once confirmed.
    description: "The [`SignedBeaconBlock`](https://github.com/ethereum/consensus-specs/blob/v1.5.0-beta.2/specs/phase0/beacon-chain.md#signedbeaconblock) object envelope from the CL Fulu spec."
    required: [message, signature]
    properties:
      message:
        $ref: "#/Fulu/BeaconBlock"
      signature:
        $ref: "../primitive.yaml#/Signature"
