Altair:
  BeaconBlockCommon:
    # An abstract object to collect the common fields between the BeaconBlockHeader and the BeaconBlock objects
    type: object
    required: [slot, proposer_index, parent_root, state_root]
    properties:
      slot:
        $ref: "../primitive.yaml#/Uint64"
        description: "The slot to which this block corresponds."
      proposer_index:
        $ref: '../primitive.yaml#/Uint64'
        description: "Index of validator in validator registry."
      parent_root:
        $ref: '../primitive.yaml#/Root'
        description: "The signing Merkle root of the parent `BeaconBlock`."
      state_root:
        $ref: '../primitive.yaml#/Root'
        description: "The tree hash Merkle root of the `BeaconState` for the `BeaconBlock`."

  BeaconBlockBody:
    type: object
    description: "The [`BeaconBlockBody`](https://github.com/ethereum/consensus-specs/blob/v1.3.0/specs/altair/beacon-chain.md#beaconblockbody) object from the CL Altair spec."
    required: [randao_reveal, eth1_data, graffiti, proposer_slashings, attester_slashings, attestations, deposits, voluntary_exits, sync_aggregate]
    properties:
      randao_reveal:
        $ref: '../primitive.yaml#/Signature'
        description: "The RanDAO reveal value provided by the validator."
      eth1_data:
        $ref: '../phase0/eth1.yaml#/Phase0/Eth1Data'
      graffiti:
        $ref: '../primitive.yaml#/Graffiti'
      proposer_slashings:
        type: array
        items:
          $ref: '../phase0/proposer_slashing.yaml#/Phase0/ProposerSlashing'
      attester_slashings:
        type: array
        items:
          $ref: '../phase0/attester_slashing.yaml#/Phase0/AttesterSlashing'
      attestations:
        type: array
        items:
          $ref: '../phase0/attestation.yaml#/Phase0/Attestation'
      deposits:
        type: array
        items:
          $ref: '../phase0/deposit.yaml#/Phase0/Deposit'
      voluntary_exits:
        type: array
        items:
          $ref: '../phase0/voluntary_exit.yaml#/Phase0/SignedVoluntaryExit'
      sync_aggregate:
        $ref: './sync_aggregate.yaml#/Altair/SyncAggregate'

  BeaconBlock:
    description: "The [`BeaconBlock`](https://github.com/ethereum/consensus-specs/blob/v1.3.0/specs/phase0/beacon-chain.md#beaconblock) object from the CL Altair spec."
    allOf:
      - $ref: '#/Altair/BeaconBlockCommon'
      - type: object
        required: [body]
        properties:
          body:
            $ref: '#/Altair/BeaconBlockBody'

  SignedBeaconBlock:
    type: object
    description: "The [`SignedBeaconBlock`](https://github.com/ethereum/consensus-specs/blob/v1.3.0/specs/phase0/beacon-chain.md#signedbeaconblock) object envelope from the CL Altair spec."
    required: [message, signature]
    properties:
      message:
        $ref: "#/Altair/BeaconBlock"
      signature:
        $ref: "../primitive.yaml#/Signature"
